
Microsoft Visual Studio Solution File, Format Version 11.00
# Visual Studio 2010
Project("{FAE04EC0-301F-11D3-BF4B-00C04F79EFBC}") = "Assembly-CSharp", "Assembly-CSharp.csproj", "{BB4F5629-CB58-76E8-2668-640C07C3C52D}"
EndProject
Project("{FAE04EC0-301F-11D3-BF4B-00C04F79EFBC}") = "Assembly-CSharp-Editor", "Assembly-CSharp-Editor.csproj", "{364C7F6F-BDD7-2F23-3127-A4B19D7E077B}"
EndProject
Global
	GlobalSection(SolutionConfigurationPlatforms) = preSolution
		Debug|Any CPU = Debug|Any CPU
		Release|Any CPU = Release|Any CPU
	EndGlobalSection
	GlobalSection(ProjectConfigurationPlatforms) = postSolution
		{BB4F5629-CB58-76E8-2668-640C07C3C52D}.Debug|Any CPU.ActiveCfg = Debug|Any CPU
		{BB4F5629-CB58-76E8-2668-640C07C3C52D}.Debug|Any CPU.Build.0 = Debug|Any CPU
		{BB4F5629-CB58-76E8-2668-640C07C3C52D}.Release|Any CPU.ActiveCfg = Release|Any CPU
		{BB4F5629-CB58-76E8-2668-640C07C3C52D}.Release|Any CPU.Build.0 = Release|Any CPU
		{364C7F6F-BDD7-2F23-3127-A4B19D7E077B}.Debug|Any CPU.ActiveCfg = Debug|Any CPU
		{364C7F6F-BDD7-2F23-3127-A4B19D7E077B}.Debug|Any CPU.Build.0 = Debug|Any CPU
		{364C7F6F-BDD7-2F23-3127-A4B19D7E077B}.Release|Any CPU.ActiveCfg = Release|Any CPU
		{364C7F6F-BDD7-2F23-3127-A4B19D7E077B}.Release|Any CPU.Build.0 = Release|Any CPU
	EndGlobalSection
	GlobalSection(SolutionProperties) = preSolution
		HideSolutionNode = FALSE
	EndGlobalSection
EndGlobal
